// !$*UTF8*$!
{
	archiveVersion = 1;
	classes = {
	};
	objectVersion = 51;
	objects = {

/* Begin PBXBuildFile section */
		C95860139BAFA4967DA090CD /* Pods_ImageUploader.framework in Frameworks */ = {isa = PBXBuildFile; fileRef = 100465C698B5A203CE5BA274 /* Pods_ImageUploader.framework */; };
		F9173F0C26C05F5D00F9656D /* JokesViewController.swift in Sources */ = {isa = PBXBuildFile; fileRef = F9173F0B26C05F5D00F9656D /* JokesViewController.swift */; };
		F9173F0E26C0618900F9656D /* JokeModel.swift in Sources */ = {isa = PBXBuildFile; fileRef = F9173F0D26C0618900F9656D /* JokeModel.swift */; };
		F9173F1026C07A4A00F9656D /* AccountModel.swift in Sources */ = {isa = PBXBuildFile; fileRef = F9173F0F26C07A4A00F9656D /* AccountModel.swift */; };
		F92297B226BEF95D00EBEBD8 /* AppDelegate.swift in Sources */ = {isa = PBXBuildFile; fileRef = F92297B126BEF95D00EBEBD8 /* AppDelegate.swift */; };
		F92297B426BEF95D00EBEBD8 /* SceneDelegate.swift in Sources */ = {isa = PBXBuildFile; fileRef = F92297B326BEF95D00EBEBD8 /* SceneDelegate.swift */; };
		F92297B626BEF95D00EBEBD8 /* UploadViewController.swift in Sources */ = {isa = PBXBuildFile; fileRef = F92297B526BEF95D00EBEBD8 /* UploadViewController.swift */; };
		F92297B926BEF95D00EBEBD8 /* Main.storyboard in Resources */ = {isa = PBXBuildFile; fileRef = F92297B726BEF95D00EBEBD8 /* Main.storyboard */; };
		F92297BB26BEF96000EBEBD8 /* Assets.xcassets in Resources */ = {isa = PBXBuildFile; fileRef = F92297BA26BEF96000EBEBD8 /* Assets.xcassets */; };
		F92297BE26BEF96000EBEBD8 /* LaunchScreen.storyboard in Resources */ = {isa = PBXBuildFile; fileRef = F92297BC26BEF96000EBEBD8 /* LaunchScreen.storyboard */; };
/* End PBXBuildFile section */

/* Begin PBXFileReference section */
		100465C698B5A203CE5BA274 /* Pods_ImageUploader.framework */ = {isa = PBXFileReference; explicitFileType = wrapper.framework; includeInIndex = 0; path = Pods_ImageUploader.framework; sourceTree = BUILT_PRODUCTS_DIR; };
		58F1E9D5743A019918762253 /* Pods-ImageUploader.debug.xcconfig */ = {isa = PBXFileReference; includeInIndex = 1; lastKnownFileType = text.xcconfig; name = "Pods-ImageUploader.debug.xcconfig"; path = "Target Support Files/Pods-ImageUploader/Pods-ImageUploader.debug.xcconfig"; sourceTree = "<group>"; };
		D2B5714056DB298349241C78 /* Pods-ImageUploader.release.xcconfig */ = {isa = PBXFileReference; includeInIndex = 1; lastKnownFileType = text.xcconfig; name = "Pods-ImageUploader.release.xcconfig"; path = "Target Support Files/Pods-ImageUploader/Pods-ImageUploader.release.xcconfig"; sourceTree = "<group>"; };
		F9173F0B26C05F5D00F9656D /* JokesViewController.swift */ = {isa = PBXFileReference; lastKnownFileType = sourcecode.swift; path = JokesViewController.swift; sourceTree = "<group>"; };
		F9173F0D26C0618900F9656D /* JokeModel.swift */ = {isa = PBXFileReference; lastKnownFileType = sourcecode.swift; path = JokeModel.swift; sourceTree = "<group>"; };
		F9173F0F26C07A4A00F9656D /* AccountModel.swift */ = {isa = PBXFileReference; lastKnownFileType = sourcecode.swift; path = AccountModel.swift; sourceTree = "<group>"; };
		F92297AE26BEF95D00EBEBD8 /* ImageUploader.app */ = {isa = PBXFileReference; explicitFileType = wrapper.application; includeInIndex = 0; path = ImageUploader.app; sourceTree = BUILT_PRODUCTS_DIR; };
		F92297B126BEF95D00EBEBD8 /* AppDelegate.swift */ = {isa = PBXFileReference; lastKnownFileType = sourcecode.swift; path = AppDelegate.swift; sourceTree = "<group>"; };
		F92297B326BEF95D00EBEBD8 /* SceneDelegate.swift */ = {isa = PBXFileReference; lastKnownFileType = sourcecode.swift; path = SceneDelegate.swift; sourceTree = "<group>"; };
		F92297B526BEF95D00EBEBD8 /* UploadViewController.swift */ = {isa = PBXFileReference; lastKnownFileType = sourcecode.swift; path = UploadViewController.swift; sourceTree = "<group>"; };
		F92297B826BEF95D00EBEBD8 /* Base */ = {isa = PBXFileReference; lastKnownFileType = file.storyboard; name = Base; path = Base.lproj/Main.storyboard; sourceTree = "<group>"; };
		F92297BA26BEF96000EBEBD8 /* Assets.xcassets */ = {isa = PBXFileReference; lastKnownFileType = folder.assetcatalog; path = Assets.xcassets; sourceTree = "<group>"; };
		F92297BD26BEF96000EBEBD8 /* Base */ = {isa = PBXFileReference; lastKnownFileType = file.storyboard; name = Base; path = Base.lproj/LaunchScreen.storyboard; sourceTree = "<group>"; };
		F92297BF26BEF96000EBEBD8 /* Info.plist */ = {isa = PBXFileReference; lastKnownFileType = text.plist.xml; path = Info.plist; sourceTree = "<group>"; };
/* End PBXFileReference section */

/* Begin PBXFrameworksBuildPhase section */
		F92297AB26BEF95D00EBEBD8 /* Frameworks */ = {
			isa = PBXFrameworksBuildPhase;
			buildActionMask = 2147483647;
			files = (
				C95860139BAFA4967DA090CD /* Pods_ImageUploader.framework in Frameworks */,
			);
			runOnlyForDeploymentPostprocessing = 0;
		};
/* End PBXFrameworksBuildPhase section */

/* Begin PBXGroup section */
		2EF8DA3BC0CFF41A1CA18B34 /* Pods */ = {
			isa = PBXGroup;
			children = (
				58F1E9D5743A019918762253 /* Pods-ImageUploader.debug.xcconfig */,
				D2B5714056DB298349241C78 /* Pods-ImageUploader.release.xcconfig */,
			);
			path = Pods;
			sourceTree = "<group>";
		};
		A8134BF89CD62754590C35DE /* Frameworks */ = {
			isa = PBXGroup;
			children = (
				100465C698B5A203CE5BA274 /* Pods_ImageUploader.framework */,
			);
			name = Frameworks;
			sourceTree = "<group>";
		};
		F92297A526BEF95D00EBEBD8 = {
			isa = PBXGroup;
			children = (
				F92297B026BEF95D00EBEBD8 /* ImageUploader */,
				F92297AF26BEF95D00EBEBD8 /* Products */,
				2EF8DA3BC0CFF41A1CA18B34 /* Pods */,
				A8134BF89CD62754590C35DE /* Frameworks */,
			);
			sourceTree = "<group>";
		};
		F92297AF26BEF95D00EBEBD8 /* Products */ = {
			isa = PBXGroup;
			children = (
				F92297AE26BEF95D00EBEBD8 /* ImageUploader.app */,
			);
			name = Products;
			sourceTree = "<group>";
		};
		F92297B026BEF95D00EBEBD8 /* ImageUploader */ = {
			isa = PBXGroup;
			children = (
				F92297B126BEF95D00EBEBD8 /* AppDelegate.swift */,
				F92297B326BEF95D00EBEBD8 /* SceneDelegate.swift */,
				F92297B526BEF95D00EBEBD8 /* UploadViewController.swift */,
				F9173F0B26C05F5D00F9656D /* JokesViewController.swift */,
				F9173F0D26C0618900F9656D /* JokeModel.swift */,
				F9173F0F26C07A4A00F9656D /* AccountModel.swift */,
				F92297B726BEF95D00EBEBD8 /* Main.storyboard */,
				F92297BA26BEF96000EBEBD8 /* Assets.xcassets */,
				F92297BC26BEF96000EBEBD8 /* LaunchScreen.storyboard */,
				F92297BF26BEF96000EBEBD8 /* Info.plist */,
			);
			path = ImageUploader;
			sourceTree = "<group>";
		};
/* End PBXGroup section */

/* Begin PBXNativeTarget section */
		F92297AD26BEF95D00EBEBD8 /* ImageUploader */ = {
			isa = PBXNativeTarget;
			buildConfigurationList = F92297C226BEF96000EBEBD8 /* Build configuration list for PBXNativeTarget "ImageUploader" */;
			buildPhases = (
				2C0D73D36AF7F64A2B72F10C /* [CP] Check Pods Manifest.lock */,
				F92297AA26BEF95D00EBEBD8 /* Sources */,
				F92297AB26BEF95D00EBEBD8 /* Frameworks */,
				F92297AC26BEF95D00EBEBD8 /* Resources */,
				F3B4814DF1277F2C24B2D22D /* [CP] Embed Pods Frameworks */,
			);
			buildRules = (
			);
			dependencies = (
			);
			name = ImageUploader;
			productName = ImageUploader;
			productReference = F92297AE26BEF95D00EBEBD8 /* ImageUploader.app */;
			productType = "com.apple.product-type.application";
		};
/* End PBXNativeTarget section */

/* Begin PBXProject section */
		F92297A626BEF95D00EBEBD8 /* Project object */ = {
			isa = PBXProject;
			attributes = {
				LastSwiftUpdateCheck = 1250;
				LastUpgradeCheck = 1250;
				TargetAttributes = {
					F92297AD26BEF95D00EBEBD8 = {
						CreatedOnToolsVersion = 12.5.1;
					};
				};
			};
			buildConfigurationList = F92297A926BEF95D00EBEBD8 /* Build configuration list for PBXProject "ImageUploader" */;
			compatibilityVersion = "Xcode 9.3";
			developmentRegion = en;
			hasScannedForEncodings = 0;
			knownRegions = (
				en,
				Base,
			);
			mainGroup = F92297A526BEF95D00EBEBD8;
			productRefGroup = F92297AF26BEF95D00EBEBD8 /* Products */;
			projectDirPath = "";
			projectRoot = "";
			targets = (
				F92297AD26BEF95D00EBEBD8 /* ImageUploader */,
			);
		};
/* End PBXProject section */

/* Begin PBXResourcesBuildPhase section */
		F92297AC26BEF95D00EBEBD8 /* Resources */ = {
			isa = PBXResourcesBuildPhase;
			buildActionMask = 2147483647;
			files = (
				F92297BE26BEF96000EBEBD8 /* LaunchScreen.storyboard in Resources */,
				F92297BB26BEF96000EBEBD8 /* Assets.xcassets in Resources */,
				F92297B926BEF95D00EBEBD8 /* Main.storyboard in Resources */,
			);
			runOnlyForDeploymentPostprocessing = 0;
		};
/* End PBXResourcesBuildPhase section */

/* Begin PBXShellScriptBuildPhase section */
		2C0D73D36AF7F64A2B72F10C /* [CP] Check Pods Manifest.lock */ = {
			isa = PBXShellScriptBuildPhase;
			buildActionMask = 2147483647;
			files = (
			);
			inputFileListPaths = (
			);
			inputPaths = (
				"${PODS_PODFILE_DIR_PATH}/Podfile.lock",
				"${PODS_ROOT}/Manifest.lock",
			);
			name = "[CP] Check Pods Manifest.lock";
			outputFileListPaths = (
			);
			outputPaths = (
				"$(DERIVED_FILE_DIR)/Pods-ImageUploader-checkManifestLockResult.txt",
			);
			runOnlyForDeploymentPostprocessing = 0;
			shellPath = /bin/sh;
			shellScript = "diff \"${PODS_PODFILE_DIR_PATH}/Podfile.lock\" \"${PODS_ROOT}/Manifest.lock\" > /dev/null\nif [ $? != 0 ] ; then\n    # print error to STDERR\n    echo \"error: The sandbox is not in sync with the Podfile.lock. Run 'pod install' or update your CocoaPods installation.\" >&2\n    exit 1\nfi\n# This output is used by Xcode 'outputs' to avoid re-running this script phase.\necho \"SUCCESS\" > \"${SCRIPT_OUTPUT_FILE_0}\"\n";
			showEnvVarsInLog = 0;
		};
		F3B4814DF1277F2C24B2D22D /* [CP] Embed Pods Frameworks */ = {
			isa = PBXShellScriptBuildPhase;
			buildActionMask = 2147483647;
			files = (
			);
			inputFileListPaths = (
				"${PODS_ROOT}/Target Support Files/Pods-ImageUploader/Pods-ImageUploader-frameworks-${CONFIGURATION}-input-files.xcfilelist",
			);
			name = "[CP] Embed Pods Frameworks";
			outputFileListPaths = (
				"${PODS_ROOT}/Target Support Files/Pods-ImageUploader/Pods-ImageUploader-frameworks-${CONFIGURATION}-output-files.xcfilelist",
			);
			runOnlyForDeploymentPostprocessing = 0;
			shellPath = /bin/sh;
			shellScript = "\"${PODS_ROOT}/Target Support Files/Pods-ImageUploader/Pods-ImageUploader-frameworks.sh\"\n";
			showEnvVarsInLog = 0;
		};
/* End PBXShellScriptBuildPhase section */

/* Begin PBXSourcesBuildPhase section */
		F92297AA26BEF95D00EBEBD8 /* Sources */ = {
			isa = PBXSourcesBuildPhase;
			buildActionMask = 2147483647;
			files = (
				F92297B626BEF95D00EBEBD8 /* UploadViewController.swift in Sources */,
				F9173F1026C07A4A00F9656D /* AccountModel.swift in Sources */,
				F92297B226BEF95D00EBEBD8 /* AppDelegate.swift in Sources */,
				F9173F0E26C0618900F9656D /* JokeModel.swift in Sources */,
				F92297B426BEF95D00EBEBD8 /* SceneDelegate.swift in Sources */,
				F9173F0C26C05F5D00F9656D /* JokesViewController.swift in Sources */,
			);
			runOnlyForDeploymentPostprocessing = 0;
		};
/* End PBXSourcesBuildPhase section */

/* Begin PBXVariantGroup section */
		F92297B726BEF95D00EBEBD8 /* Main.storyboard */ = {
			isa = PBXVariantGroup;
			children = (
				F92297B826BEF95D00EBEBD8 /* Base */,
			);
			name = Main.storyboard;
			sourceTree = "<group>";
		};
		F92297BC26BEF96000EBEBD8 /* LaunchScreen.storyboard */ = {
			isa = PBXVariantGroup;
			children = (
				F92297BD26BEF96000EBEBD8 /* Base */,
			);
			name = LaunchScreen.storyboard;
			sourceTree = "<group>";
		};
/* End PBXVariantGroup section */

/* Begin XCBuildConfiguration section */
		F92297C026BEF96000EBEBD8 /* Debug */ = {
			isa = XCBuildConfiguration;
			buildSettings = {
				ALWAYS_SEARCH_USER_PATHS = NO;
				CLANG_ANALYZER_NONNULL = YES;
				CLANG_ANALYZER_NUMBER_OBJECT_CONVERSION = YES_AGGRESSIVE;
				CLANG_CXX_LANGUAGE_STANDARD = "gnu++14";
				CLANG_CXX_LIBRARY = "libc++";
				CLANG_ENABLE_MODULES = YES;
				CLANG_ENABLE_OBJC_ARC = YES;
				CLANG_ENABLE_OBJC_WEAK = YES;
				CLANG_WARN_BLOCK_CAPTURE_AUTORELEASING = YES;
				CLANG_WARN_BOOL_CONVERSION = YES;
				CLANG_WARN_COMMA = YES;
				CLANG_WARN_CONSTANT_CONVERSION = YES;
				CLANG_WARN_DEPRECATED_OBJC_IMPLEMENTATIONS = YES;
				CLANG_WARN_DIRECT_OBJC_ISA_USAGE = YES_ERROR;
				CLANG_WARN_DOCUMENTATION_COMMENTS = YES;
				CLANG_WARN_EMPTY_BODY = YES;
				CLANG_WARN_ENUM_CONVERSION = YES;
				CLANG_WARN_INFINITE_RECURSION = YES;
				CLANG_WARN_INT_CONVERSION = YES;
				CLANG_WARN_NON_LITERAL_NULL_CONVERSION = YES;
				CLANG_WARN_OBJC_IMPLICIT_RETAIN_SELF = YES;
				CLANG_WARN_OBJC_LITERAL_CONVERSION = YES;
				CLANG_WARN_OBJC_ROOT_CLASS = YES_ERROR;
				CLANG_WARN_QUOTED_INCLUDE_IN_FRAMEWORK_HEADER = YES;
				CLANG_WARN_RANGE_LOOP_ANALYSIS = YES;
				CLANG_WARN_STRICT_PROTOTYPES = YES;
				CLANG_WARN_SUSPICIOUS_MOVE = YES;
				CLANG_WARN_UNGUARDED_AVAILABILITY = YES_AGGRESSIVE;
				CLANG_WARN_UNREACHABLE_CODE = YES;
				CLANG_WARN__DUPLICATE_METHOD_MATCH = YES;
				COPY_PHASE_STRIP = NO;
				DEBUG_INFORMATION_FORMAT = dwarf;
				ENABLE_STRICT_OBJC_MSGSEND = YES;
				ENABLE_TESTABILITY = YES;
				GCC_C_LANGUAGE_STANDARD = gnu11;
				GCC_DYNAMIC_NO_PIC = NO;
				GCC_NO_COMMON_BLOCKS = YES;
				GCC_OPTIMIZATION_LEVEL = 0;
				GCC_PREPROCESSOR_DEFINITIONS = (
					"DEBUG=1",
					"$(inherited)",
				);
				GCC_WARN_64_TO_32_BIT_CONVERSION = YES;
				GCC_WARN_ABOUT_RETURN_TYPE = YES_ERROR;
				GCC_WARN_UNDECLARED_SELECTOR = YES;
				GCC_WARN_UNINITIALIZED_AUTOS = YES_AGGRESSIVE;
				GCC_WARN_UNUSED_FUNCTION = YES;
				GCC_WARN_UNUSED_VARIABLE = YES;
				IPHONEOS_DEPLOYMENT_TARGET = 14.5;
				MTL_ENABLE_DEBUG_INFO = INCLUDE_SOURCE;
				MTL_FAST_MATH = YES;
				ONLY_ACTIVE_ARCH = YES;
				SDKROOT = iphoneos;
				SWIFT_ACTIVE_COMPILATION_CONDITIONS = DEBUG;
				SWIFT_OPTIMIZATION_LEVEL = "-Onone";
			};
			name = Debug;
		};
		F92297C126BEF96000EBEBD8 /* Release */ = {
			isa = XCBuildConfiguration;
			buildSettings = {
				ALWAYS_SEARCH_USER_PATHS = NO;
				CLANG_ANALYZER_NONNULL = YES;
				CLANG_ANALYZER_NUMBER_OBJECT_CONVERSION = YES_AGGRESSIVE;
				CLANG_CXX_LANGUAGE_STANDARD = "gnu++14";
				CLANG_CXX_LIBRARY = "libc++";
				CLANG_ENABLE_MODULES = YES;
				CLANG_ENABLE_OBJC_ARC = YES;
				CLANG_ENABLE_OBJC_WEAK = YES;
				CLANG_WARN_BLOCK_CAPTURE_AUTORELEASING = YES;
				CLANG_WARN_BOOL_CONVERSION = YES;
				CLANG_WARN_COMMA = YES;
				CLANG_WARN_CONSTANT_CONVERSION = YES;
				CLANG_WARN_DEPRECATED_OBJC_IMPLEMENTATIONS = YES;
				CLANG_WARN_DIRECT_OBJC_ISA_USAGE = YES_ERROR;
				CLANG_WARN_DOCUMENTATION_COMMENTS = YES;
				CLANG_WARN_EMPTY_BODY = YES;
				CLANG_WARN_ENUM_CONVERSION = YES;
				CLANG_WARN_INFINITE_RECURSION = YES;
				CLANG_WARN_INT_CONVERSION = YES;
				CLANG_WARN_NON_LITERAL_NULL_CONVERSION = YES;
				CLANG_WARN_OBJC_IMPLICIT_RETAIN_SELF = YES;
				CLANG_WARN_OBJC_LITERAL_CONVERSION = YES;
				CLANG_WARN_OBJC_ROOT_CLASS = YES_ERROR;
				CLANG_WARN_QUOTED_INCLUDE_IN_FRAMEWORK_HEADER = YES;
				CLANG_WARN_RANGE_LOOP_ANALYSIS = YES;
				CLANG_WARN_STRICT_PROTOTYPES = YES;
				CLANG_WARN_SUSPICIOUS_MOVE = YES;
				CLANG_WARN_UNGUARDED_AVAILABILITY = YES_AGGRESSIVE;
				CLANG_WARN_UNREACHABLE_CODE = YES;
				CLANG_WARN__DUPLICATE_METHOD_MATCH = YES;
				COPY_PHASE_STRIP = NO;
				DEBUG_INFORMATION_FORMAT = "dwarf-with-dsym";
				ENABLE_NS_ASSERTIONS = NO;
				ENABLE_STRICT_OBJC_MSGSEND = YES;
				GCC_C_LANGUAGE_STANDARD = gnu11;
				GCC_NO_COMMON_BLOCKS = YES;
				GCC_WARN_64_TO_32_BIT_CONVERSION = YES;
				GCC_WARN_ABOUT_RETURN_TYPE = YES_ERROR;
				GCC_WARN_UNDECLARED_SELECTOR = YES;
				GCC_WARN_UNINITIALIZED_AUTOS = YES_AGGRESSIVE;
				GCC_WARN_UNUSED_FUNCTION = YES;
				GCC_WARN_UNUSED_VARIABLE = YES;
				IPHONEOS_DEPLOYMENT_TARGET = 14.5;
				MTL_ENABLE_DEBUG_INFO = NO;
				MTL_FAST_MATH = YES;
				SDKROOT = iphoneos;
				SWIFT_COMPILATION_MODE = wholemodule;
				SWIFT_OPTIMIZATION_LEVEL = "-O";
				VALIDATE_PRODUCT = YES;
			};
			name = Release;
		};
		F92297C326BEF96000EBEBD8 /* Debug */ = {
			isa = XCBuildConfiguration;
			baseConfigurationReference = 58F1E9D5743A019918762253 /* Pods-ImageUploader.debug.xcconfig */;
			buildSettings = {
				ASSETCATALOG_COMPILER_APPICON_NAME = AppIcon;
				ASSETCATALOG_COMPILER_GLOBAL_ACCENT_COLOR_NAME = AccentColor;
				CODE_SIGN_STYLE = Automatic;
				DEVELOPMENT_TEAM = R2TF4J9L8G;
				INFOPLIST_FILE = ImageUploader/Info.plist;
				LD_RUNPATH_SEARCH_PATHS = (
					"$(inherited)",
					"@executable_path/Frameworks",
				);
				PRODUCT_BUNDLE_IDENTIFIER = "ru.swiftbook.MakarovVN-HW2.10.ImageUploader";
				PRODUCT_NAME = "$(TARGET_NAME)";
				SWIFT_VERSION = 5.0;
				TARGETED_DEVICE_FAMILY = 1;
			};
			name = Debug;
		};
		F92297C426BEF96000EBEBD8 /* Release */ = {
			isa = XCBuildConfiguration;
			baseConfigurationReference = D2B5714056DB298349241C78 /* Pods-ImageUploader.release.xcconfig */;
			buildSettings = {
				ASSETCATALOG_COMPILER_APPICON_NAME = AppIcon;
				ASSETCATALOG_COMPILER_GLOBAL_ACCENT_COLOR_NAME = AccentColor;
				CODE_SIGN_STYLE = Automatic;
				DEVELOPMENT_TEAM = R2TF4J9L8G;
				INFOPLIST_FILE = ImageUploader/Info.plist;
				LD_RUNPATH_SEARCH_PATHS = (
					"$(inherited)",
					"@executable_path/Frameworks",
				);
				PRODUCT_BUNDLE_IDENTIFIER = "ru.swiftbook.MakarovVN-HW2.10.ImageUploader";
				PRODUCT_NAME = "$(TARGET_NAME)";
				SWIFT_VERSION = 5.0;
				TARGETED_DEVICE_FAMILY = 1;
			};
			name = Release;
		};
/* End XCBuildConfiguration section */

/* Begin XCConfigurationList section */
		F92297A926BEF95D00EBEBD8 /* Build configuration list for PBXProject "ImageUploader" */ = {
			isa = XCConfigurationList;
			buildConfigurations = (
				F92297C026BEF96000EBEBD8 /* Debug */,
				F92297C126BEF96000EBEBD8 /* Release */,
			);
			defaultConfigurationIsVisible = 0;
			defaultConfigurationName = Release;
		};
		F92297C226BEF96000EBEBD8 /* Build configuration list for PBXNativeTarget "ImageUploader" */ = {
			isa = XCConfigurationList;
			buildConfigurations = (
				F92297C326BEF96000EBEBD8 /* Debug */,
				F92297C426BEF96000EBEBD8 /* Release */,
			);
			defaultConfigurationIsVisible = 0;
			defaultConfigurationName = Release;
		};
/* End XCConfigurationList section */
	};
	rootObject = F92297A626BEF95D00EBEBD8 /* Project object */;
}
